Microsoft Visual Studio Solution File, Format Version 12.00
# Visual Studio Version 17
VisualStudioVersion = 17.5.2.0
MinimumVisualStudioVersion = 10.0.40219.1
Project("{FAE04EC0-301F-11D3-BF4B-00C04F79EFBC}") = "MathMax.Administration", "MathMax.Administration\MathMax.Administration.csproj", "{0F710233-407D-D56A-BAC5-EE2EB504B861}"
EndProject
Project("{FAE04EC0-301F-11D3-BF4B-00C04F79EFBC}") = "MathMax.Administration.WebApi", "MathMax.Administration.WebApi\MathMax.Administration.WebApi.csproj", "{96289BD7-682E-1EFE-171C-28EC69C256BB}"
EndProject
Project("{FAE04EC0-301F-11D3-BF4B-00C04F79EFBC}") = "MathMax.EventSourcing", "MathMax.EventSourcing\MathMax.EventSourcing.csproj", "{573054FA-C1B9-DC8A-8225-D866D80897B0}"
EndProject
Project("{FAE04EC0-301F-11D3-BF4B-00C04F79EFBC}") = "MathMax.EventSourcing.Api", "MathMax.EventSourcing.Api\MathMax.EventSourcing.Api.csproj", "{89BD2D6A-E0F7-A99C-1E9F-1D94F079EFAF}"
EndProject
Project("{FAE04EC0-301F-11D3-BF4B-00C04F79EFBC}") = "MathMax.EventSourcing.Database", "MathMax.EventSourcing.Database\MathMax.EventSourcing.Database.csproj", "{8A0ABD5A-FD59-3A2E-48D9-12D1D5768532}"
EndProject
Project("{FAE04EC0-301F-11D3-BF4B-00C04F79EFBC}") = "MathMax.EventSourcing.Infrastructure", "MathMax.EventSourcing.Infrastructure\MathMax.EventSourcing.Infrastructure.csproj", "{4B9F59AA-FAC9-8C6C-0D2C-6ADD1791B2EC}"
EndProject
Project("{FAE04EC0-301F-11D3-BF4B-00C04F79EFBC}") = "MathMax.EventSourcing.UnitTests", "MathMax.EventSourcing.UnitTests\MathMax.EventSourcing.UnitTests.csproj", "{832BC6E8-7307-6F45-8E70-A0BF6B8D9276}"
EndProject
Project("{FAE04EC0-301F-11D3-BF4B-00C04F79EFBC}") = "MathMax.WebApi", "MathMax.WebApi\MathMax.WebApi.csproj", "{8505A645-A0CA-9223-2DF9-92C381848D31}"
EndProject
Global
	GlobalSection(SolutionConfigurationPlatforms) = preSolution
		Debug|Any CPU = Debug|Any CPU
		Release|Any CPU = Release|Any CPU
	EndGlobalSection
	GlobalSection(ProjectConfigurationPlatforms) = postSolution
		{0F710233-407D-D56A-BAC5-EE2EB504B861}.Debug|Any CPU.ActiveCfg = Debug|Any CPU
		{0F710233-407D-D56A-BAC5-EE2EB504B861}.Debug|Any CPU.Build.0 = Debug|Any CPU
		{0F710233-407D-D56A-BAC5-EE2EB504B861}.Release|Any CPU.ActiveCfg = Release|Any CPU
		{0F710233-407D-D56A-BAC5-EE2EB504B861}.Release|Any CPU.Build.0 = Release|Any CPU
		{96289BD7-682E-1EFE-171C-28EC69C256BB}.Debug|Any CPU.ActiveCfg = Debug|Any CPU
		{96289BD7-682E-1EFE-171C-28EC69C256BB}.Debug|Any CPU.Build.0 = Debug|Any CPU
		{96289BD7-682E-1EFE-171C-28EC69C256BB}.Release|Any CPU.ActiveCfg = Release|Any CPU
		{96289BD7-682E-1EFE-171C-28EC69C256BB}.Release|Any CPU.Build.0 = Release|Any CPU
		{573054FA-C1B9-DC8A-8225-D866D80897B0}.Debug|Any CPU.ActiveCfg = Debug|Any CPU
		{573054FA-C1B9-DC8A-8225-D866D80897B0}.Debug|Any CPU.Build.0 = Debug|Any CPU
		{573054FA-C1B9-DC8A-8225-D866D80897B0}.Release|Any CPU.ActiveCfg = Release|Any CPU
		{573054FA-C1B9-DC8A-8225-D866D80897B0}.Release|Any CPU.Build.0 = Release|Any CPU
		{89BD2D6A-E0F7-A99C-1E9F-1D94F079EFAF}.Debug|Any CPU.ActiveCfg = Debug|Any CPU
		{89BD2D6A-E0F7-A99C-1E9F-1D94F079EFAF}.Debug|Any CPU.Build.0 = Debug|Any CPU
		{89BD2D6A-E0F7-A99C-1E9F-1D94F079EFAF}.Release|Any CPU.ActiveCfg = Release|Any CPU
		{89BD2D6A-E0F7-A99C-1E9F-1D94F079EFAF}.Release|Any CPU.Build.0 = Release|Any CPU
		{8A0ABD5A-FD59-3A2E-48D9-12D1D5768532}.Debug|Any CPU.ActiveCfg = Debug|Any CPU
		{8A0ABD5A-FD59-3A2E-48D9-12D1D5768532}.Debug|Any CPU.Build.0 = Debug|Any CPU
		{8A0ABD5A-FD59-3A2E-48D9-12D1D5768532}.Release|Any CPU.ActiveCfg = Release|Any CPU
		{8A0ABD5A-FD59-3A2E-48D9-12D1D5768532}.Release|Any CPU.Build.0 = Release|Any CPU
		{4B9F59AA-FAC9-8C6C-0D2C-6ADD1791B2EC}.Debug|Any CPU.ActiveCfg = Debug|Any CPU
		{4B9F59AA-FAC9-8C6C-0D2C-6ADD1791B2EC}.Debug|Any CPU.Build.0 = Debug|Any CPU
		{4B9F59AA-FAC9-8C6C-0D2C-6ADD1791B2EC}.Release|Any CPU.ActiveCfg = Release|Any CPU
		{4B9F59AA-FAC9-8C6C-0D2C-6ADD1791B2EC}.Release|Any CPU.Build.0 = Release|Any CPU
		{832BC6E8-7307-6F45-8E70-A0BF6B8D9276}.Debug|Any CPU.ActiveCfg = Debug|Any CPU
		{832BC6E8-7307-6F45-8E70-A0BF6B8D9276}.Debug|Any CPU.Build.0 = Debug|Any CPU
		{832BC6E8-7307-6F45-8E70-A0BF6B8D9276}.Release|Any CPU.ActiveCfg = Release|Any CPU
		{832BC6E8-7307-6F45-8E70-A0BF6B8D9276}.Release|Any CPU.Build.0 = Release|Any CPU
		{8505A645-A0CA-9223-2DF9-92C381848D31}.Debug|Any CPU.ActiveCfg = Debug|Any CPU
		{8505A645-A0CA-9223-2DF9-92C381848D31}.Debug|Any CPU.Build.0 = Debug|Any CPU
		{8505A645-A0CA-9223-2DF9-92C381848D31}.Release|Any CPU.ActiveCfg = Release|Any CPU
		{8505A645-A0CA-9223-2DF9-92C381848D31}.Release|Any CPU.Build.0 = Release|Any CPU
	EndGlobalSection
	GlobalSection(SolutionProperties) = preSolution
		HideSolutionNode = FALSE
	EndGlobalSection
	GlobalSection(ExtensibilityGlobals) = postSolution
		SolutionGuid = {38D5BDAC-CF21-4F03-981D-18CA2F5FB94E}
	EndGlobalSection
EndGlobal
